{
  "version": 4,
  "terraform_version": "1.13.3",
  "serial": 53,
  "lineage": "052cb15c-2edf-19fe-c4e3-b2c8c3067826",
  "outputs": {
    "appgw_public_ip": {
      "value": "68.218.101.131",
      "type": "string"
    },
    "backend_fqdn": {
      "value": "a40c7601-backend-app.internal.redbush-51cb9b9d.australiaeast.azurecontainerapps.io",
      "type": "string"
    },
    "frontend_fqdn": {
      "value": "a40c7601-frontend-app.internal.redbush-51cb9b9d.australiaeast.azurecontainerapps.io",
      "type": "string"
    }
  },
  "resources": [
    {
      "module": "module.appgw",
      "mode": "managed",
      "type": "azurerm_application_gateway",
      "name": "appgw",
      "provider": "provider[\"registry.terraform.io/hashicorp/azurerm\"]",
      "instances": [
        {
          "schema_version": 0,
          "attributes": {
            "authentication_certificate": [],
            "autoscale_configuration": [],
            "backend_address_pool": [
              {
                "fqdns": [
                  "a40c7601-frontend-app.internal.redbush-51cb9b9d.australiaeast.azurecontainerapps.io"
                ],
                "id": "/subscriptions/4421688c-0a8d-4588-8dd0-338c5271d0af/resourceGroups/rg-3tier/providers/Microsoft.Network/applicationGateways/appgw-3tier/backendAddressPools/frontend-pool",
                "ip_addresses": [],
                "name": "frontend-pool"
              },
              {
                "fqdns": [],
                "id": "/subscriptions/4421688c-0a8d-4588-8dd0-338c5271d0af/resourceGroups/rg-3tier/providers/Microsoft.Network/applicationGateways/appgw-3tier/backendAddressPools/backend-pool",
                "ip_addresses": [
                  "10.10.2.94"
                ],
                "name": "backend-pool"
              }
            ],
            "backend_http_settings": [
              {
                "affinity_cookie_name": "",
                "authentication_certificate": [],
                "connection_draining": [],
                "cookie_based_affinity": "Disabled",
                "host_name": "",
                "id": "",
                "name": "http-settings",
                "path": "",
                "pick_host_name_from_backend_address": true,
                "port": 80,
                "probe_id": "",
                "probe_name": "",
                "protocol": "Http",
                "request_timeout": 30,
                "trusted_root_certificate_names": []
              }
            ],
            "custom_error_configuration": [],
            "enable_http2": false,
            "fips_enabled": false,
            "firewall_policy_id": "",
            "force_firewall_policy_association": false,
            "frontend_ip_configuration": [
              {
                "id": "/subscriptions/4421688c-0a8d-4588-8dd0-338c5271d0af/resourceGroups/rg-3tier/providers/Microsoft.Network/applicationGateways/appgw-3tier/frontendIPConfigurations/appgw-frontend-ip",
                "name": "appgw-frontend-ip",
                "private_ip_address": "",
                "private_ip_address_allocation": "Dynamic",
                "private_link_configuration_id": "",
                "private_link_configuration_name": "",
                "public_ip_address_id": "/subscriptions/4421688c-0a8d-4588-8dd0-338c5271d0af/resourceGroups/rg-3tier/providers/Microsoft.Network/publicIPAddresses/appgw-pip",
                "subnet_id": ""
              }
            ],
            "frontend_port": [
              {
                "id": "/subscriptions/4421688c-0a8d-4588-8dd0-338c5271d0af/resourceGroups/rg-3tier/providers/Microsoft.Network/applicationGateways/appgw-3tier/frontendPorts/http",
                "name": "http",
                "port": 80
              }
            ],
            "gateway_ip_configuration": [
              {
                "id": "/subscriptions/4421688c-0a8d-4588-8dd0-338c5271d0af/resourceGroups/rg-3tier/providers/Microsoft.Network/applicationGateways/appgw-3tier/gatewayIPConfigurations/appgw-ip",
                "name": "appgw-ip",
                "subnet_id": "/subscriptions/4421688c-0a8d-4588-8dd0-338c5271d0af/resourceGroups/rg-3tier/providers/Microsoft.Network/virtualNetworks/3tier-vnet/subnets/snet-appgw"
              }
            ],
            "global": [],
            "http_listener": [
              {
                "custom_error_configuration": [],
                "firewall_policy_id": "",
                "frontend_ip_configuration_id": "/subscriptions/4421688c-0a8d-4588-8dd0-338c5271d0af/resourceGroups/rg-3tier/providers/Microsoft.Network/applicationGateways/appgw-3tier/frontendIPConfigurations/appgw-frontend-ip",
                "frontend_ip_configuration_name": "appgw-frontend-ip",
                "frontend_port_id": "/subscriptions/4421688c-0a8d-4588-8dd0-338c5271d0af/resourceGroups/rg-3tier/providers/Microsoft.Network/applicationGateways/appgw-3tier/frontendPorts/http",
                "frontend_port_name": "http",
                "host_name": "",
                "host_names": [],
                "id": "/subscriptions/4421688c-0a8d-4588-8dd0-338c5271d0af/resourceGroups/rg-3tier/providers/Microsoft.Network/applicationGateways/appgw-3tier/httpListeners/listener-http",
                "name": "listener-http",
                "protocol": "Http",
                "require_sni": false,
                "ssl_certificate_id": "",
                "ssl_certificate_name": "",
                "ssl_profile_id": "",
                "ssl_profile_name": ""
              }
            ],
            "id": "/subscriptions/4421688c-0a8d-4588-8dd0-338c5271d0af/resourceGroups/rg-3tier/providers/Microsoft.Network/applicationGateways/appgw-3tier",
            "identity": [],
            "location": "australiaeast",
            "name": "appgw-3tier",
            "private_endpoint_connection": [],
            "private_link_configuration": [],
            "probe": [
              {
                "host": "",
                "id": "",
                "interval": 30,
                "match": [
                  {
                    "body": "",
                    "status_code": [
                      "200-399"
                    ]
                  }
                ],
                "minimum_servers": 0,
                "name": "health-probe",
                "path": "/actuator/health",
                "pick_host_name_from_backend_http_settings": false,
                "port": 80,
                "protocol": "Http",
                "timeout": 30,
                "unhealthy_threshold": 3
              }
            ],
            "redirect_configuration": [],
            "request_routing_rule": [
              {
                "backend_address_pool_id": "",
                "backend_address_pool_name": "",
                "backend_http_settings_id": "",
                "backend_http_settings_name": "",
                "http_listener_id": "/subscriptions/4421688c-0a8d-4588-8dd0-338c5271d0af/resourceGroups/rg-3tier/providers/Microsoft.Network/applicationGateways/appgw-3tier/httpListeners/listener-http",
                "http_listener_name": "listener-http",
                "id": "/subscriptions/4421688c-0a8d-4588-8dd0-338c5271d0af/resourceGroups/rg-3tier/providers/Microsoft.Network/applicationGateways/appgw-3tier/requestRoutingRules/rule",
                "name": "rule",
                "priority": 100,
                "redirect_configuration_id": "",
                "redirect_configuration_name": "",
                "rewrite_rule_set_id": "",
                "rewrite_rule_set_name": "",
                "rule_type": "PathBasedRouting",
                "url_path_map_id": "/subscriptions/4421688c-0a8d-4588-8dd0-338c5271d0af/resourceGroups/rg-3tier/providers/Microsoft.Network/applicationGateways/appgw-3tier/urlPathMaps/urlmap",
                "url_path_map_name": "urlmap"
              }
            ],
            "resource_group_name": "rg-3tier",
            "rewrite_rule_set": [],
            "sku": [
              {
                "capacity": 2,
                "name": "WAF_v2",
                "tier": "WAF_v2"
              }
            ],
            "ssl_certificate": [],
            "ssl_policy": [
              {
                "cipher_suites": [],
                "disabled_protocols": [],
                "min_protocol_version": "",
                "policy_name": "AppGwSslPolicy20170401S",
                "policy_type": "Predefined"
              }
            ],
            "ssl_profile": [],
            "tags": {},
            "timeouts": null,
            "trusted_client_certificate": [],
            "trusted_root_certificate": [],
            "url_path_map": [
              {
                "default_backend_address_pool_id": "/subscriptions/4421688c-0a8d-4588-8dd0-338c5271d0af/resourceGroups/rg-3tier/providers/Microsoft.Network/applicationGateways/appgw-3tier/backendAddressPools/frontend-pool",
                "default_backend_address_pool_name": "frontend-pool",
                "default_backend_http_settings_id": "/subscriptions/4421688c-0a8d-4588-8dd0-338c5271d0af/resourceGroups/rg-3tier/providers/Microsoft.Network/applicationGateways/appgw-3tier/backendHttpSettingsCollection/http-settings-frontend",
                "default_backend_http_settings_name": "http-settings",
                "default_redirect_configuration_id": "",
                "default_redirect_configuration_name": "",
                "default_rewrite_rule_set_id": "",
                "default_rewrite_rule_set_name": "",
                "id": "/subscriptions/4421688c-0a8d-4588-8dd0-338c5271d0af/resourceGroups/rg-3tier/providers/Microsoft.Network/applicationGateways/appgw-3tier/urlPathMaps/urlmap",
                "name": "urlmap",
                "path_rule": [
                  {
                    "backend_address_pool_id": "/subscriptions/4421688c-0a8d-4588-8dd0-338c5271d0af/resourceGroups/rg-3tier/providers/Microsoft.Network/applicationGateways/appgw-3tier/backendAddressPools/backend-pool",
                    "backend_address_pool_name": "backend-pool",
                    "backend_http_settings_id": "/subscriptions/4421688c-0a8d-4588-8dd0-338c5271d0af/resourceGroups/rg-3tier/providers/Microsoft.Network/applicationGateways/appgw-3tier/backendHttpSettingsCollection/http-settings",
                    "backend_http_settings_name": "http-settings",
                    "firewall_policy_id": "",
                    "id": "/subscriptions/4421688c-0a8d-4588-8dd0-338c5271d0af/resourceGroups/rg-3tier/providers/Microsoft.Network/applicationGateways/appgw-3tier/urlPathMaps/urlmap/pathRules/api-rule",
                    "name": "api-rule",
                    "paths": [
                      "/api/*"
                    ],
                    "redirect_configuration_id": "",
                    "redirect_configuration_name": "",
                    "rewrite_rule_set_id": "",
                    "rewrite_rule_set_name": ""
                  }
                ]
              }
            ],
            "waf_configuration": [
              {
                "disabled_rule_group": [],
                "enabled": true,
                "exclusion": [],
                "file_upload_limit_mb": 100,
                "firewall_mode": "Prevention",
                "max_request_body_size_kb": 128,
                "request_body_check": true,
                "rule_set_type": "OWASP",
                "rule_set_version": "3.2"
              }
            ],
            "zones": []
          },
          "sensitive_attributes": [],
          "identity_schema_version": 0,
          "private": "eyJlMmJmYjczMC1lY2FhLTExZTYtOGY4OC0zNDM2M2JjN2M0YzAiOnsiY3JlYXRlIjo1NDAwMDAwMDAwMDAwLCJkZWxldGUiOjU0MDAwMDAwMDAwMDAsInJlYWQiOjMwMDAwMDAwMDAwMCwidXBkYXRlIjo1NDAwMDAwMDAwMDAwfX0=",
          "dependencies": [
            "module.appgw.azurerm_public_ip.pip",
            "module.containerapps.azurerm_container_app.backend",
            "module.containerapps.azurerm_container_app.frontend",
            "module.containerapps.azurerm_container_app_environment.env",
            "module.network.azurerm_resource_group.rg",
            "module.network.azurerm_subnet.aca_env_subnet",
            "module.network.azurerm_subnet.appgw_subnet",
            "module.network.azurerm_virtual_network.vnet",
            "module.sql.azurerm_mssql_database.db",
            "module.sql.azurerm_mssql_server.sql"
          ]
        }
      ]
    },
    {
      "module": "module.appgw",
      "mode": "managed",
      "type": "azurerm_public_ip",
      "name": "pip",
      "provider": "provider[\"registry.terraform.io/hashicorp/azurerm\"]",
      "instances": [
        {
          "schema_version": 0,
          "attributes": {
            "allocation_method": "Static",
            "ddos_protection_mode": "VirtualNetworkInherited",
            "ddos_protection_plan_id": null,
            "domain_name_label": null,
            "edge_zone": "",
            "fqdn": null,
            "id": "/subscriptions/4421688c-0a8d-4588-8dd0-338c5271d0af/resourceGroups/rg-3tier/providers/Microsoft.Network/publicIPAddresses/appgw-pip",
            "idle_timeout_in_minutes": 4,
            "ip_address": "68.218.101.131",
            "ip_tags": {},
            "ip_version": "IPv4",
            "location": "australiaeast",
            "name": "appgw-pip",
            "public_ip_prefix_id": null,
            "resource_group_name": "rg-3tier",
            "reverse_fqdn": null,
            "sku": "Standard",
            "sku_tier": "Regional",
            "tags": {},
            "timeouts": null,
            "zones": []
          },
          "sensitive_attributes": [],
          "identity_schema_version": 0,
          "private": "eyJlMmJmYjczMC1lY2FhLTExZTYtOGY4OC0zNDM2M2JjN2M0YzAiOnsiY3JlYXRlIjoxODAwMDAwMDAwMDAwLCJkZWxldGUiOjE4MDAwMDAwMDAwMDAsInJlYWQiOjMwMDAwMDAwMDAwMCwidXBkYXRlIjoxODAwMDAwMDAwMDAwfX0=",
          "dependencies": [
            "module.network.azurerm_resource_group.rg"
          ]
        }
      ]
    },
    {
      "module": "module.containerapps",
      "mode": "managed",
      "type": "azurerm_container_app",
      "name": "backend",
      "provider": "provider[\"registry.terraform.io/hashicorp/azurerm\"]",
      "instances": [
        {
          "schema_version": 0,
          "attributes": {
            "container_app_environment_id": "/subscriptions/4421688c-0a8d-4588-8dd0-338c5271d0af/resourceGroups/rg-3tier/providers/Microsoft.App/managedEnvironments/aca-a40c7601-env",
            "custom_domain_verification_id": "C5629A918A3FA55FF147545881A75721689136F00C9C862C48493941404CBD3C",
            "dapr": [],
            "id": "/subscriptions/4421688c-0a8d-4588-8dd0-338c5271d0af/resourceGroups/rg-3tier/providers/Microsoft.App/containerApps/a40c7601-backend-app",
            "identity": [],
            "ingress": [
              {
                "allow_insecure_connections": false,
                "custom_domain": [],
                "exposed_port": 0,
                "external_enabled": false,
                "fqdn": "a40c7601-backend-app.internal.redbush-51cb9b9d.australiaeast.azurecontainerapps.io",
                "ip_security_restriction": [],
                "target_port": 8080,
                "traffic_weight": [
                  {
                    "label": "",
                    "latest_revision": true,
                    "percentage": 100,
                    "revision_suffix": ""
                  }
                ],
                "transport": "http"
              }
            ],
            "latest_revision_fqdn": "a40c7601-backend-app--0000059.internal.redbush-51cb9b9d.australiaeast.azurecontainerapps.io",
            "latest_revision_name": "a40c7601-backend-app--0000059",
            "location": "australiaeast",
            "name": "a40c7601-backend-app",
            "outbound_ip_addresses": [
              "4.237.144.250"
            ],
            "registry": [],
            "resource_group_name": "rg-3tier",
            "revision_mode": "Single",
            "secret": [],
            "tags": {},
            "template": [
              {
                "azure_queue_scale_rule": [],
                "container": [
                  {
                    "args": [],
                    "command": [],
                    "cpu": 0.5,
                    "env": [
                      {
                        "name": "DB_HOST",
                        "secret_name": "",
                        "value": "3tier-sqlserver.database.windows.net"
                      },
                      {
                        "name": "SPRING_DATASOURCE_URL",
                        "secret_name": "",
                        "value": "jdbc:sqlserver://3tier-sqlserver.database.windows.net:1433;database=3tier-db;encrypt=true;trustServerCertificate=false;loginTimeout=30;"
                      },
                      {
                        "name": "SPRING_DATASOURCE_USERNAME",
                        "secret_name": "",
                        "value": "yousefaloufi1@3tier-sqlserver"
                      },
                      {
                        "name": "SPRING_DATASOURCE_PASSWORD",
                        "secret_name": "",
                        "value": "P@ssword1234!"
                      },
                      {
                        "name": "DB_NAME",
                        "secret_name": "",
                        "value": "3tier-db"
                      },
                      {
                        "name": "DB_USERNAME",
                        "secret_name": "",
                        "value": "yousefaloufi1@3tier-sqlserver"
                      },
                      {
                        "name": "DB_PASSWORD",
                        "secret_name": "",
                        "value": "P@ssword1234!"
                      }
                    ],
                    "ephemeral_storage": "2Gi",
                    "image": "yousefaloufi6/backend-app:latest",
                    "liveness_probe": [],
                    "memory": "1Gi",
                    "name": "backend",
                    "readiness_probe": [],
                    "startup_probe": [],
                    "volume_mounts": []
                  }
                ],
                "custom_scale_rule": [],
                "http_scale_rule": [],
                "init_container": [],
                "max_replicas": 10,
                "min_replicas": 0,
                "revision_suffix": "",
                "tcp_scale_rule": [],
                "volume": []
              }
            ],
            "timeouts": null,
            "workload_profile_name": ""
          },
          "sensitive_attributes": [
            [
              {
                "type": "get_attr",
                "value": "custom_domain_verification_id"
              }
            ]
          ],
          "identity_schema_version": 0,
          "private": "eyJlMmJmYjczMC1lY2FhLTExZTYtOGY4OC0zNDM2M2JjN2M0YzAiOnsiY3JlYXRlIjoxODAwMDAwMDAwMDAwLCJkZWxldGUiOjE4MDAwMDAwMDAwMDAsInJlYWQiOjMwMDAwMDAwMDAwMCwidXBkYXRlIjoxODAwMDAwMDAwMDAwfX0=",
          "dependencies": [
            "module.containerapps.azurerm_container_app_environment.env",
            "module.network.azurerm_resource_group.rg",
            "module.network.azurerm_subnet.aca_env_subnet",
            "module.network.azurerm_virtual_network.vnet",
            "module.sql.azurerm_mssql_database.db",
            "module.sql.azurerm_mssql_server.sql"
          ]
        }
      ]
    },
    {
      "module": "module.containerapps",
      "mode": "managed",
      "type": "azurerm_container_app",
      "name": "frontend",
      "provider": "provider[\"registry.terraform.io/hashicorp/azurerm\"]",
      "instances": [
        {
          "schema_version": 0,
          "attributes": {
            "container_app_environment_id": "/subscriptions/4421688c-0a8d-4588-8dd0-338c5271d0af/resourceGroups/rg-3tier/providers/Microsoft.App/managedEnvironments/aca-a40c7601-env",
            "custom_domain_verification_id": "C5629A918A3FA55FF147545881A75721689136F00C9C862C48493941404CBD3C",
            "dapr": [],
            "id": "/subscriptions/4421688c-0a8d-4588-8dd0-338c5271d0af/resourceGroups/rg-3tier/providers/Microsoft.App/containerApps/a40c7601-frontend-app",
            "identity": [],
            "ingress": [
              {
                "allow_insecure_connections": false,
                "custom_domain": [],
                "exposed_port": 0,
                "external_enabled": false,
                "fqdn": "a40c7601-frontend-app.internal.redbush-51cb9b9d.australiaeast.azurecontainerapps.io",
                "ip_security_restriction": [],
                "target_port": 80,
                "traffic_weight": [
                  {
                    "label": "",
                    "latest_revision": true,
                    "percentage": 100,
                    "revision_suffix": ""
                  }
                ],
                "transport": "http"
              }
            ],
            "latest_revision_fqdn": "a40c7601-frontend-app--0000009.internal.redbush-51cb9b9d.australiaeast.azurecontainerapps.io",
            "latest_revision_name": "a40c7601-frontend-app--0000009",
            "location": "australiaeast",
            "name": "a40c7601-frontend-app",
            "outbound_ip_addresses": [
              "4.237.144.250"
            ],
            "registry": [],
            "resource_group_name": "rg-3tier",
            "revision_mode": "Single",
            "secret": [],
            "tags": {},
            "template": [
              {
                "azure_queue_scale_rule": [],
                "container": [
                  {
                    "args": [],
                    "command": [],
                    "cpu": 0.5,
                    "env": [],
                    "ephemeral_storage": "2Gi",
                    "image": "yousefaloufi6/frontend-app:latest",
                    "liveness_probe": [],
                    "memory": "1Gi",
                    "name": "frontend",
                    "readiness_probe": [],
                    "startup_probe": [],
                    "volume_mounts": []
                  }
                ],
                "custom_scale_rule": [],
                "http_scale_rule": [],
                "init_container": [],
                "max_replicas": 10,
                "min_replicas": 0,
                "revision_suffix": "",
                "tcp_scale_rule": [],
                "volume": []
              }
            ],
            "timeouts": null,
            "workload_profile_name": ""
          },
          "sensitive_attributes": [
            [
              {
                "type": "get_attr",
                "value": "custom_domain_verification_id"
              }
            ]
          ],
          "identity_schema_version": 0,
          "private": "eyJlMmJmYjczMC1lY2FhLTExZTYtOGY4OC0zNDM2M2JjN2M0YzAiOnsiY3JlYXRlIjoxODAwMDAwMDAwMDAwLCJkZWxldGUiOjE4MDAwMDAwMDAwMDAsInJlYWQiOjMwMDAwMDAwMDAwMCwidXBkYXRlIjoxODAwMDAwMDAwMDAwfX0=",
          "dependencies": [
            "module.containerapps.azurerm_container_app_environment.env",
            "module.network.azurerm_resource_group.rg",
            "module.network.azurerm_subnet.aca_env_subnet",
            "module.network.azurerm_virtual_network.vnet"
          ]
        }
      ]
    },
    {
      "module": "module.containerapps",
      "mode": "managed",
      "type": "azurerm_container_app_environment",
      "name": "env",
      "provider": "provider[\"registry.terraform.io/hashicorp/azurerm\"]",
      "instances": [
        {
          "index_key": 0,
          "schema_version": 0,
          "attributes": {
            "custom_domain_verification_id": "C5629A918A3FA55FF147545881A75721689136F00C9C862C48493941404CBD3C",
            "dapr_application_insights_connection_string": "",
            "default_domain": "redbush-51cb9b9d.australiaeast.azurecontainerapps.io",
            "docker_bridge_cidr": "",
            "id": "/subscriptions/4421688c-0a8d-4588-8dd0-338c5271d0af/resourceGroups/rg-3tier/providers/Microsoft.App/managedEnvironments/aca-a40c7601-env",
            "infrastructure_resource_group_name": "",
            "infrastructure_subnet_id": "/subscriptions/4421688c-0a8d-4588-8dd0-338c5271d0af/resourceGroups/rg-3tier/providers/Microsoft.Network/virtualNetworks/3tier-vnet/subnets/snet-aca-env",
            "internal_load_balancer_enabled": true,
            "location": "australiaeast",
            "log_analytics_workspace_id": "",
            "mutual_tls_enabled": false,
            "name": "aca-a40c7601-env",
            "platform_reserved_cidr": "10.0.0.0/16",
            "platform_reserved_dns_ip_address": "10.0.0.2",
            "resource_group_name": "rg-3tier",
            "static_ip_address": "10.10.2.62",
            "tags": {},
            "timeouts": null,
            "workload_profile": [],
            "zone_redundancy_enabled": false
          },
          "sensitive_attributes": [
            [
              {
                "type": "get_attr",
                "value": "dapr_application_insights_connection_string"
              }
            ]
          ],
          "identity_schema_version": 0,
          "private": "eyJlMmJmYjczMC1lY2FhLTExZTYtOGY4OC0zNDM2M2JjN2M0YzAiOnsiY3JlYXRlIjoxODAwMDAwMDAwMDAwLCJkZWxldGUiOjE4MDAwMDAwMDAwMDAsInJlYWQiOjMwMDAwMDAwMDAwMCwidXBkYXRlIjoxODAwMDAwMDAwMDAwfX0=",
          "dependencies": [
            "module.network.azurerm_resource_group.rg",
            "module.network.azurerm_subnet.aca_env_subnet",
            "module.network.azurerm_virtual_network.vnet"
          ]
        }
      ]
    },
    {
      "module": "module.monitoring",
      "mode": "managed",
      "type": "azurerm_application_insights",
      "name": "ai_backend",
      "provider": "provider[\"registry.terraform.io/hashicorp/azurerm\"]",
      "instances": [
        {
          "schema_version": 2,
          "attributes": {
            "app_id": "b348da4c-7037-4af9-8325-03d87a6ee089",
            "application_type": "web",
            "connection_string": "InstrumentationKey=435facd8-b245-470c-9e7d-124ecfb822ff;IngestionEndpoint=https://australiaeast-1.in.applicationinsights.azure.com/;LiveEndpoint=https://australiaeast.livediagnostics.monitor.azure.com/;ApplicationId=b348da4c-7037-4af9-8325-03d87a6ee089",
            "daily_data_cap_in_gb": 100,
            "daily_data_cap_notifications_disabled": false,
            "disable_ip_masking": false,
            "force_customer_storage_for_profiler": false,
            "id": "/subscriptions/4421688c-0a8d-4588-8dd0-338c5271d0af/resourceGroups/rg-3tier/providers/Microsoft.Insights/components/3tier-ai-backend",
            "instrumentation_key": "435facd8-b245-470c-9e7d-124ecfb822ff",
            "internet_ingestion_enabled": true,
            "internet_query_enabled": true,
            "local_authentication_disabled": false,
            "location": "australiaeast",
            "name": "3tier-ai-backend",
            "resource_group_name": "rg-3tier",
            "retention_in_days": 90,
            "sampling_percentage": 100,
            "tags": {},
            "timeouts": null,
            "workspace_id": "/subscriptions/4421688c-0a8d-4588-8dd0-338c5271d0af/resourceGroups/rg-3tier/providers/Microsoft.OperationalInsights/workspaces/3tier-law"
          },
          "sensitive_attributes": [
            [
              {
                "type": "get_attr",
                "value": "connection_string"
              }
            ],
            [
              {
                "type": "get_attr",
                "value": "instrumentation_key"
              }
            ]
          ],
          "identity_schema_version": 0,
          "private": "eyJlMmJmYjczMC1lY2FhLTExZTYtOGY4OC0zNDM2M2JjN2M0YzAiOnsiY3JlYXRlIjozNjAwMDAwMDAwMDAwLCJkZWxldGUiOjE4MDAwMDAwMDAwMDAsInJlYWQiOjMwMDAwMDAwMDAwMCwidXBkYXRlIjoxODAwMDAwMDAwMDAwfSwic2NoZW1hX3ZlcnNpb24iOiIyIn0=",
          "dependencies": [
            "module.monitoring.azurerm_log_analytics_workspace.law",
            "module.network.azurerm_resource_group.rg"
          ]
        }
      ]
    },
    {
      "module": "module.monitoring",
      "mode": "managed",
      "type": "azurerm_application_insights",
      "name": "ai_frontend",
      "provider": "provider[\"registry.terraform.io/hashicorp/azurerm\"]",
      "instances": [
        {
          "schema_version": 2,
          "attributes": {
            "app_id": "15e81722-d5da-4712-a707-b0fd348ebd46",
            "application_type": "web",
            "connection_string": "InstrumentationKey=c2545d78-c524-4f39-a19d-49910b419a91;IngestionEndpoint=https://australiaeast-1.in.applicationinsights.azure.com/;LiveEndpoint=https://australiaeast.livediagnostics.monitor.azure.com/;ApplicationId=15e81722-d5da-4712-a707-b0fd348ebd46",
            "daily_data_cap_in_gb": 100,
            "daily_data_cap_notifications_disabled": false,
            "disable_ip_masking": false,
            "force_customer_storage_for_profiler": false,
            "id": "/subscriptions/4421688c-0a8d-4588-8dd0-338c5271d0af/resourceGroups/rg-3tier/providers/Microsoft.Insights/components/3tier-ai-frontend",
            "instrumentation_key": "c2545d78-c524-4f39-a19d-49910b419a91",
            "internet_ingestion_enabled": true,
            "internet_query_enabled": true,
            "local_authentication_disabled": false,
            "location": "australiaeast",
            "name": "3tier-ai-frontend",
            "resource_group_name": "rg-3tier",
            "retention_in_days": 90,
            "sampling_percentage": 100,
            "tags": {},
            "timeouts": null,
            "workspace_id": "/subscriptions/4421688c-0a8d-4588-8dd0-338c5271d0af/resourceGroups/rg-3tier/providers/Microsoft.OperationalInsights/workspaces/3tier-law"
          },
          "sensitive_attributes": [
            [
              {
                "type": "get_attr",
                "value": "connection_string"
              }
            ],
            [
              {
                "type": "get_attr",
                "value": "instrumentation_key"
              }
            ]
          ],
          "identity_schema_version": 0,
          "private": "eyJlMmJmYjczMC1lY2FhLTExZTYtOGY4OC0zNDM2M2JjN2M0YzAiOnsiY3JlYXRlIjozNjAwMDAwMDAwMDAwLCJkZWxldGUiOjE4MDAwMDAwMDAwMDAsInJlYWQiOjMwMDAwMDAwMDAwMCwidXBkYXRlIjoxODAwMDAwMDAwMDAwfSwic2NoZW1hX3ZlcnNpb24iOiIyIn0=",
          "dependencies": [
            "module.monitoring.azurerm_log_analytics_workspace.law",
            "module.network.azurerm_resource_group.rg"
          ]
        }
      ]
    },
    {
      "module": "module.monitoring",
      "mode": "managed",
      "type": "azurerm_log_analytics_workspace",
      "name": "law",
      "provider": "provider[\"registry.terraform.io/hashicorp/azurerm\"]",
      "instances": [
        {
          "schema_version": 3,
          "attributes": {
            "allow_resource_only_permissions": true,
            "cmk_for_query_forced": false,
            "daily_quota_gb": -1,
            "data_collection_rule_id": "",
            "id": "/subscriptions/4421688c-0a8d-4588-8dd0-338c5271d0af/resourceGroups/rg-3tier/providers/Microsoft.OperationalInsights/workspaces/3tier-law",
            "identity": [],
            "immediate_data_purge_on_30_days_enabled": false,
            "internet_ingestion_enabled": true,
            "internet_query_enabled": true,
            "local_authentication_disabled": false,
            "location": "australiaeast",
            "name": "3tier-law",
            "primary_shared_key": "9RlFuCcouHRz/JAWox6DXkJxxpRET9uFGmEMA06o1MDcVBx1TsA8932UNYSFDWtWayT7mdzEk8I+tAu6V+O1QQ==",
            "reservation_capacity_in_gb_per_day": null,
            "resource_group_name": "rg-3tier",
            "retention_in_days": 30,
            "secondary_shared_key": "2tS3RJSsqu7DFzRczSRLlcjqhXzOfbDca/4FudqEjbgWK/nstvkcJH8Y45agkvkkj+nvev99MJt3/XvJ8H0oag==",
            "sku": "PerGB2018",
            "tags": {},
            "timeouts": null,
            "workspace_id": "706f8c86-e280-445f-b34c-f0b67a18e2f3"
          },
          "sensitive_attributes": [
            [
              {
                "type": "get_attr",
                "value": "primary_shared_key"
              }
            ],
            [
              {
                "type": "get_attr",
                "value": "secondary_shared_key"
              }
            ]
          ],
          "identity_schema_version": 0,
          "private": "eyJlMmJmYjczMC1lY2FhLTExZTYtOGY4OC0zNDM2M2JjN2M0YzAiOnsiY3JlYXRlIjoxODAwMDAwMDAwMDAwLCJkZWxldGUiOjE4MDAwMDAwMDAwMDAsInJlYWQiOjMwMDAwMDAwMDAwMCwidXBkYXRlIjoxODAwMDAwMDAwMDAwfSwic2NoZW1hX3ZlcnNpb24iOiIzIn0=",
          "dependencies": [
            "module.network.azurerm_resource_group.rg"
          ]
        }
      ]
    },
    {
      "module": "module.network",
      "mode": "managed",
      "type": "azurerm_resource_group",
      "name": "rg",
      "provider": "provider[\"registry.terraform.io/hashicorp/azurerm\"]",
      "instances": [
        {
          "schema_version": 0,
          "attributes": {
            "id": "/subscriptions/4421688c-0a8d-4588-8dd0-338c5271d0af/resourceGroups/rg-3tier",
            "location": "australiaeast",
            "managed_by": "",
            "name": "rg-3tier",
            "tags": {},
            "timeouts": null
          },
          "sensitive_attributes": [],
          "identity_schema_version": 0,
          "private": "eyJlMmJmYjczMC1lY2FhLTExZTYtOGY4OC0zNDM2M2JjN2M0YzAiOnsiY3JlYXRlIjo1NDAwMDAwMDAwMDAwLCJkZWxldGUiOjU0MDAwMDAwMDAwMDAsInJlYWQiOjMwMDAwMDAwMDAwMCwidXBkYXRlIjo1NDAwMDAwMDAwMDAwfX0="
        }
      ]
    },
    {
      "module": "module.network",
      "mode": "managed",
      "type": "azurerm_subnet",
      "name": "aca_env_subnet",
      "provider": "provider[\"registry.terraform.io/hashicorp/azurerm\"]",
      "instances": [
        {
          "schema_version": 0,
          "attributes": {
            "address_prefixes": [
              "10.10.2.0/23"
            ],
            "default_outbound_access_enabled": true,
            "delegation": [],
            "enforce_private_link_endpoint_network_policies": false,
            "enforce_private_link_service_network_policies": false,
            "id": "/subscriptions/4421688c-0a8d-4588-8dd0-338c5271d0af/resourceGroups/rg-3tier/providers/Microsoft.Network/virtualNetworks/3tier-vnet/subnets/snet-aca-env",
            "name": "snet-aca-env",
            "private_endpoint_network_policies": "Enabled",
            "private_endpoint_network_policies_enabled": true,
            "private_link_service_network_policies_enabled": true,
            "resource_group_name": "rg-3tier",
            "service_endpoint_policy_ids": [],
            "service_endpoints": [],
            "timeouts": null,
            "virtual_network_name": "3tier-vnet"
          },
          "sensitive_attributes": [],
          "identity_schema_version": 0,
          "private": "eyJlMmJmYjczMC1lY2FhLTExZTYtOGY4OC0zNDM2M2JjN2M0YzAiOnsiY3JlYXRlIjoxODAwMDAwMDAwMDAwLCJkZWxldGUiOjE4MDAwMDAwMDAwMDAsInJlYWQiOjMwMDAwMDAwMDAwMCwidXBkYXRlIjoxODAwMDAwMDAwMDAwfX0=",
          "dependencies": [
            "module.network.azurerm_resource_group.rg",
            "module.network.azurerm_virtual_network.vnet"
          ]
        }
      ]
    },
    {
      "module": "module.network",
      "mode": "managed",
      "type": "azurerm_subnet",
      "name": "appgw_subnet",
      "provider": "provider[\"registry.terraform.io/hashicorp/azurerm\"]",
      "instances": [
        {
          "schema_version": 0,
          "attributes": {
            "address_prefixes": [
              "10.10.1.0/24"
            ],
            "default_outbound_access_enabled": true,
            "delegation": [],
            "enforce_private_link_endpoint_network_policies": false,
            "enforce_private_link_service_network_policies": false,
            "id": "/subscriptions/4421688c-0a8d-4588-8dd0-338c5271d0af/resourceGroups/rg-3tier/providers/Microsoft.Network/virtualNetworks/3tier-vnet/subnets/snet-appgw",
            "name": "snet-appgw",
            "private_endpoint_network_policies": "Enabled",
            "private_endpoint_network_policies_enabled": true,
            "private_link_service_network_policies_enabled": true,
            "resource_group_name": "rg-3tier",
            "service_endpoint_policy_ids": [],
            "service_endpoints": [],
            "timeouts": null,
            "virtual_network_name": "3tier-vnet"
          },
          "sensitive_attributes": [],
          "identity_schema_version": 0,
          "private": "eyJlMmJmYjczMC1lY2FhLTExZTYtOGY4OC0zNDM2M2JjN2M0YzAiOnsiY3JlYXRlIjoxODAwMDAwMDAwMDAwLCJkZWxldGUiOjE4MDAwMDAwMDAwMDAsInJlYWQiOjMwMDAwMDAwMDAwMCwidXBkYXRlIjoxODAwMDAwMDAwMDAwfX0=",
          "dependencies": [
            "module.network.azurerm_resource_group.rg",
            "module.network.azurerm_virtual_network.vnet"
          ]
        }
      ]
    },
    {
      "module": "module.network",
      "mode": "managed",
      "type": "azurerm_subnet",
      "name": "db_pe_subnet",
      "provider": "provider[\"registry.terraform.io/hashicorp/azurerm\"]",
      "instances": [
        {
          "schema_version": 0,
          "attributes": {
            "address_prefixes": [
              "10.10.4.0/24"
            ],
            "default_outbound_access_enabled": true,
            "delegation": [],
            "enforce_private_link_endpoint_network_policies": true,
            "enforce_private_link_service_network_policies": false,
            "id": "/subscriptions/4421688c-0a8d-4588-8dd0-338c5271d0af/resourceGroups/rg-3tier/providers/Microsoft.Network/virtualNetworks/3tier-vnet/subnets/snet-db-pe",
            "name": "snet-db-pe",
            "private_endpoint_network_policies": "Disabled",
            "private_endpoint_network_policies_enabled": false,
            "private_link_service_network_policies_enabled": true,
            "resource_group_name": "rg-3tier",
            "service_endpoint_policy_ids": [],
            "service_endpoints": [],
            "timeouts": null,
            "virtual_network_name": "3tier-vnet"
          },
          "sensitive_attributes": [],
          "identity_schema_version": 0,
          "private": "eyJlMmJmYjczMC1lY2FhLTExZTYtOGY4OC0zNDM2M2JjN2M0YzAiOnsiY3JlYXRlIjoxODAwMDAwMDAwMDAwLCJkZWxldGUiOjE4MDAwMDAwMDAwMDAsInJlYWQiOjMwMDAwMDAwMDAwMCwidXBkYXRlIjoxODAwMDAwMDAwMDAwfX0=",
          "dependencies": [
            "module.network.azurerm_resource_group.rg",
            "module.network.azurerm_virtual_network.vnet"
          ]
        }
      ]
    },
    {
      "module": "module.network",
      "mode": "managed",
      "type": "azurerm_subnet",
      "name": "ops_subnet",
      "provider": "provider[\"registry.terraform.io/hashicorp/azurerm\"]",
      "instances": [
        {
          "schema_version": 0,
          "attributes": {
            "address_prefixes": [
              "10.10.5.0/24"
            ],
            "default_outbound_access_enabled": true,
            "delegation": [],
            "enforce_private_link_endpoint_network_policies": false,
            "enforce_private_link_service_network_policies": false,
            "id": "/subscriptions/4421688c-0a8d-4588-8dd0-338c5271d0af/resourceGroups/rg-3tier/providers/Microsoft.Network/virtualNetworks/3tier-vnet/subnets/snet-ops",
            "name": "snet-ops",
            "private_endpoint_network_policies": "Enabled",
            "private_endpoint_network_policies_enabled": true,
            "private_link_service_network_policies_enabled": true,
            "resource_group_name": "rg-3tier",
            "service_endpoint_policy_ids": [],
            "service_endpoints": [],
            "timeouts": null,
            "virtual_network_name": "3tier-vnet"
          },
          "sensitive_attributes": [],
          "identity_schema_version": 0,
          "private": "eyJlMmJmYjczMC1lY2FhLTExZTYtOGY4OC0zNDM2M2JjN2M0YzAiOnsiY3JlYXRlIjoxODAwMDAwMDAwMDAwLCJkZWxldGUiOjE4MDAwMDAwMDAwMDAsInJlYWQiOjMwMDAwMDAwMDAwMCwidXBkYXRlIjoxODAwMDAwMDAwMDAwfX0=",
          "dependencies": [
            "module.network.azurerm_resource_group.rg",
            "module.network.azurerm_virtual_network.vnet"
          ]
        }
      ]
    },
    {
      "module": "module.network",
      "mode": "managed",
      "type": "azurerm_virtual_network",
      "name": "vnet",
      "provider": "provider[\"registry.terraform.io/hashicorp/azurerm\"]",
      "instances": [
        {
          "schema_version": 0,
          "attributes": {
            "address_space": [
              "10.10.0.0/16"
            ],
            "bgp_community": "",
            "ddos_protection_plan": [],
            "dns_servers": [],
            "edge_zone": "",
            "encryption": [],
            "flow_timeout_in_minutes": 0,
            "guid": "3d7c7dc7-ae88-46c0-a4e1-8c3f15acdd32",
            "id": "/subscriptions/4421688c-0a8d-4588-8dd0-338c5271d0af/resourceGroups/rg-3tier/providers/Microsoft.Network/virtualNetworks/3tier-vnet",
            "location": "australiaeast",
            "name": "3tier-vnet",
            "resource_group_name": "rg-3tier",
            "subnet": [
              {
                "address_prefix": "10.10.1.0/24",
                "id": "/subscriptions/4421688c-0a8d-4588-8dd0-338c5271d0af/resourceGroups/rg-3tier/providers/Microsoft.Network/virtualNetworks/3tier-vnet/subnets/snet-appgw",
                "name": "snet-appgw",
                "security_group": ""
              },
              {
                "address_prefix": "10.10.2.0/23",
                "id": "/subscriptions/4421688c-0a8d-4588-8dd0-338c5271d0af/resourceGroups/rg-3tier/providers/Microsoft.Network/virtualNetworks/3tier-vnet/subnets/snet-aca-env",
                "name": "snet-aca-env",
                "security_group": ""
              },
              {
                "address_prefix": "10.10.4.0/24",
                "id": "/subscriptions/4421688c-0a8d-4588-8dd0-338c5271d0af/resourceGroups/rg-3tier/providers/Microsoft.Network/virtualNetworks/3tier-vnet/subnets/snet-db-pe",
                "name": "snet-db-pe",
                "security_group": ""
              },
              {
                "address_prefix": "10.10.5.0/24",
                "id": "/subscriptions/4421688c-0a8d-4588-8dd0-338c5271d0af/resourceGroups/rg-3tier/providers/Microsoft.Network/virtualNetworks/3tier-vnet/subnets/snet-ops",
                "name": "snet-ops",
                "security_group": ""
              }
            ],
            "tags": {},
            "timeouts": null
          },
          "sensitive_attributes": [],
          "identity_schema_version": 0,
          "private": "eyJlMmJmYjczMC1lY2FhLTExZTYtOGY4OC0zNDM2M2JjN2M0YzAiOnsiY3JlYXRlIjoxODAwMDAwMDAwMDAwLCJkZWxldGUiOjE4MDAwMDAwMDAwMDAsInJlYWQiOjMwMDAwMDAwMDAwMCwidXBkYXRlIjoxODAwMDAwMDAwMDAwfX0=",
          "dependencies": [
            "module.network.azurerm_resource_group.rg"
          ]
        }
      ]
    },
    {
      "module": "module.sql",
      "mode": "managed",
      "type": "azurerm_mssql_database",
      "name": "db",
      "provider": "provider[\"registry.terraform.io/hashicorp/azurerm\"]",
      "instances": [
        {
          "schema_version": 1,
          "attributes": {
            "auto_pause_delay_in_minutes": 0,
            "collation": "SQL_Latin1_General_CP1_CI_AS",
            "create_mode": "Default",
            "creation_source_database_id": null,
            "elastic_pool_id": "",
            "enclave_type": "",
            "geo_backup_enabled": true,
            "id": "/subscriptions/4421688c-0a8d-4588-8dd0-338c5271d0af/resourceGroups/rg-3tier/providers/Microsoft.Sql/servers/3tier-sqlserver/databases/3tier-db",
            "identity": [],
            "import": [],
            "ledger_enabled": false,
            "license_type": "",
            "long_term_retention_policy": [
              {
                "immutable_backups_enabled": false,
                "monthly_retention": "PT0S",
                "week_of_year": 1,
                "weekly_retention": "PT0S",
                "yearly_retention": "PT0S"
              }
            ],
            "maintenance_configuration_name": "SQL_Default",
            "max_size_gb": 250,
            "min_capacity": 0,
            "name": "3tier-db",
            "read_replica_count": 0,
            "read_scale": false,
            "recover_database_id": null,
            "recovery_point_id": null,
            "restore_dropped_database_id": null,
            "restore_long_term_retention_backup_id": null,
            "restore_point_in_time": null,
            "sample_name": null,
            "secondary_type": "",
            "server_id": "/subscriptions/4421688c-0a8d-4588-8dd0-338c5271d0af/resourceGroups/rg-3tier/providers/Microsoft.Sql/servers/3tier-sqlserver",
            "short_term_retention_policy": [
              {
                "backup_interval_in_hours": 24,
                "retention_days": 7
              }
            ],
            "sku_name": "S0",
            "storage_account_type": "Geo",
            "tags": {},
            "threat_detection_policy": [
              {
                "disabled_alerts": [],
                "email_account_admins": "Disabled",
                "email_addresses": [],
                "retention_days": 0,
                "state": "Disabled",
                "storage_account_access_key": "",
                "storage_endpoint": ""
              }
            ],
            "timeouts": null,
            "transparent_data_encryption_enabled": true,
            "transparent_data_encryption_key_automatic_rotation_enabled": false,
            "transparent_data_encryption_key_vault_key_id": "",
            "zone_redundant": false
          },
          "sensitive_attributes": [
            [
              {
                "type": "get_attr",
                "value": "threat_detection_policy"
              },
              {
                "type": "index",
                "value": {
                  "value": 0,
                  "type": "number"
                }
              },
              {
                "type": "get_attr",
                "value": "storage_account_access_key"
              }
            ]
          ],
          "identity_schema_version": 0,
          "private": "eyJlMmJmYjczMC1lY2FhLTExZTYtOGY4OC0zNDM2M2JjN2M0YzAiOnsiY3JlYXRlIjozNjAwMDAwMDAwMDAwLCJkZWxldGUiOjM2MDAwMDAwMDAwMDAsInJlYWQiOjMwMDAwMDAwMDAwMCwidXBkYXRlIjozNjAwMDAwMDAwMDAwfSwic2NoZW1hX3ZlcnNpb24iOiIxIn0=",
          "dependencies": [
            "module.network.azurerm_resource_group.rg",
            "module.sql.azurerm_mssql_server.sql"
          ]
        }
      ]
    },
    {
      "module": "module.sql",
      "mode": "managed",
      "type": "azurerm_mssql_server",
      "name": "sql",
      "provider": "provider[\"registry.terraform.io/hashicorp/azurerm\"]",
      "instances": [
        {
          "schema_version": 0,
          "attributes": {
            "administrator_login": "sqladmin",
            "administrator_login_password": "P@ssword1234!",
            "azuread_administrator": [],
            "connection_policy": "Default",
            "fully_qualified_domain_name": "3tier-sqlserver.database.windows.net",
            "id": "/subscriptions/4421688c-0a8d-4588-8dd0-338c5271d0af/resourceGroups/rg-3tier/providers/Microsoft.Sql/servers/3tier-sqlserver",
            "identity": [],
            "location": "australiaeast",
            "minimum_tls_version": "1.2",
            "name": "3tier-sqlserver",
            "outbound_network_restriction_enabled": false,
            "primary_user_assigned_identity_id": "",
            "public_network_access_enabled": true,
            "resource_group_name": "rg-3tier",
            "restorable_dropped_database_ids": [],
            "tags": {},
            "timeouts": null,
            "transparent_data_encryption_key_vault_key_id": "",
            "version": "12.0"
          },
          "sensitive_attributes": [
            [
              {
                "type": "get_attr",
                "value": "administrator_login_password"
              }
            ]
          ],
          "identity_schema_version": 0,
          "private": "eyJlMmJmYjczMC1lY2FhLTExZTYtOGY4OC0zNDM2M2JjN2M0YzAiOnsiY3JlYXRlIjozNjAwMDAwMDAwMDAwLCJkZWxldGUiOjM2MDAwMDAwMDAwMDAsInJlYWQiOjMwMDAwMDAwMDAwMCwidXBkYXRlIjozNjAwMDAwMDAwMDAwfX0=",
          "dependencies": [
            "module.network.azurerm_resource_group.rg"
          ]
        }
      ]
    },
    {
      "module": "module.sql",
      "mode": "managed",
      "type": "azurerm_private_dns_zone",
      "name": "sql",
      "provider": "provider[\"registry.terraform.io/hashicorp/azurerm\"]",
      "instances": [
        {
          "schema_version": 0,
          "attributes": {
            "id": "/subscriptions/4421688c-0a8d-4588-8dd0-338c5271d0af/resourceGroups/rg-3tier/providers/Microsoft.Network/privateDnsZones/privatelink.database.windows.net",
            "max_number_of_record_sets": 25000,
            "max_number_of_virtual_network_links": 1000,
            "max_number_of_virtual_network_links_with_registration": 100,
            "name": "privatelink.database.windows.net",
            "number_of_record_sets": 3,
            "resource_group_name": "rg-3tier",
            "soa_record": [
              {
                "email": "azureprivatedns-host.microsoft.com",
                "expire_time": 2419200,
                "fqdn": "privatelink.database.windows.net.",
                "host_name": "azureprivatedns.net",
                "minimum_ttl": 10,
                "refresh_time": 3600,
                "retry_time": 300,
                "serial_number": 1,
                "tags": {},
                "ttl": 3600
              }
            ],
            "tags": {},
            "timeouts": null
          },
          "sensitive_attributes": [],
          "identity_schema_version": 0,
          "private": "eyJlMmJmYjczMC1lY2FhLTExZTYtOGY4OC0zNDM2M2JjN2M0YzAiOnsiY3JlYXRlIjoxODAwMDAwMDAwMDAwLCJkZWxldGUiOjE4MDAwMDAwMDAwMDAsInJlYWQiOjMwMDAwMDAwMDAwMCwidXBkYXRlIjoxODAwMDAwMDAwMDAwfX0=",
          "dependencies": [
            "module.network.azurerm_resource_group.rg"
          ]
        }
      ]
    },
    {
      "module": "module.sql",
      "mode": "managed",
      "type": "azurerm_private_dns_zone_virtual_network_link",
      "name": "link",
      "provider": "provider[\"registry.terraform.io/hashicorp/azurerm\"]",
      "instances": [
        {
          "schema_version": 0,
          "attributes": {
            "id": "/subscriptions/4421688c-0a8d-4588-8dd0-338c5271d0af/resourceGroups/rg-3tier/providers/Microsoft.Network/privateDnsZones/privatelink.database.windows.net/virtualNetworkLinks/sql-link",
            "name": "sql-link",
            "private_dns_zone_name": "privatelink.database.windows.net",
            "registration_enabled": false,
            "resource_group_name": "rg-3tier",
            "tags": {},
            "timeouts": null,
            "virtual_network_id": "/subscriptions/4421688c-0a8d-4588-8dd0-338c5271d0af/resourceGroups/rg-3tier/providers/Microsoft.Network/virtualNetworks/3tier-vnet"
          },
          "sensitive_attributes": [],
          "identity_schema_version": 0,
          "private": "eyJlMmJmYjczMC1lY2FhLTExZTYtOGY4OC0zNDM2M2JjN2M0YzAiOnsiY3JlYXRlIjoxODAwMDAwMDAwMDAwLCJkZWxldGUiOjE4MDAwMDAwMDAwMDAsInJlYWQiOjMwMDAwMDAwMDAwMCwidXBkYXRlIjoxODAwMDAwMDAwMDAwfX0=",
          "dependencies": [
            "module.network.azurerm_resource_group.rg",
            "module.network.azurerm_virtual_network.vnet",
            "module.sql.azurerm_private_dns_zone.sql"
          ]
        }
      ]
    },
    {
      "module": "module.sql",
      "mode": "managed",
      "type": "azurerm_private_endpoint",
      "name": "sql_pe",
      "provider": "provider[\"registry.terraform.io/hashicorp/azurerm\"]",
      "instances": [
        {
          "schema_version": 0,
          "attributes": {
            "custom_dns_configs": [
              {
                "fqdn": "3tier-sqlserver.database.windows.net",
                "ip_addresses": [
                  "10.10.4.4"
                ]
              }
            ],
            "custom_network_interface_name": "",
            "id": "/subscriptions/4421688c-0a8d-4588-8dd0-338c5271d0af/resourceGroups/rg-3tier/providers/Microsoft.Network/privateEndpoints/sql-pe",
            "ip_configuration": [],
            "location": "australiaeast",
            "name": "sql-pe",
            "network_interface": [
              {
                "id": "/subscriptions/4421688c-0a8d-4588-8dd0-338c5271d0af/resourceGroups/rg-3tier/providers/Microsoft.Network/networkInterfaces/sql-pe.nic.8c18da78-1f1f-4cd6-b2eb-a33af09cd2ca",
                "name": "sql-pe.nic.8c18da78-1f1f-4cd6-b2eb-a33af09cd2ca"
              }
            ],
            "private_dns_zone_configs": [],
            "private_dns_zone_group": [],
            "private_service_connection": [
              {
                "is_manual_connection": false,
                "name": "sql-pe-conn",
                "private_connection_resource_alias": "",
                "private_connection_resource_id": "/subscriptions/4421688c-0a8d-4588-8dd0-338c5271d0af/resourceGroups/rg-3tier/providers/Microsoft.Sql/servers/3tier-sqlserver",
                "private_ip_address": "10.10.4.4",
                "request_message": "",
                "subresource_names": [
                  "sqlServer"
                ]
              }
            ],
            "resource_group_name": "rg-3tier",
            "subnet_id": "/subscriptions/4421688c-0a8d-4588-8dd0-338c5271d0af/resourceGroups/rg-3tier/providers/Microsoft.Network/virtualNetworks/3tier-vnet/subnets/snet-db-pe",
            "tags": {},
            "timeouts": null
          },
          "sensitive_attributes": [],
          "identity_schema_version": 0,
          "private": "eyJlMmJmYjczMC1lY2FhLTExZTYtOGY4OC0zNDM2M2JjN2M0YzAiOnsiY3JlYXRlIjozNjAwMDAwMDAwMDAwLCJkZWxldGUiOjM2MDAwMDAwMDAwMDAsInJlYWQiOjMwMDAwMDAwMDAwMCwidXBkYXRlIjozNjAwMDAwMDAwMDAwfX0=",
          "dependencies": [
            "module.network.azurerm_resource_group.rg",
            "module.network.azurerm_subnet.db_pe_subnet",
            "module.network.azurerm_virtual_network.vnet",
            "module.sql.azurerm_mssql_server.sql"
          ]
        }
      ]
    }
  ],
  "check_results": null
}
